
Microsoft Visual Studio Solution File, Format Version 12.00
# Visual Studio Version 17
VisualStudioVersion = 17.0.31903.59
MinimumVisualStudioVersion = 10.0.40219.1
Project("{2150E333-8FDC-42A3-9474-1A3956D46DE8}") = "src", "src", "{F9219E8A-B144-402A-90EF-A5723E42EB8C}"
EndProject
Project("{FAE04EC0-301F-11D3-BF4B-00C04F79EFBC}") = "AspSpaService", "src\AspSpaService\AspSpaService.csproj", "{A51FE85C-30A0-4B32-B902-D8F0480D32AF}"
EndProject
Project("{2150E333-8FDC-42A3-9474-1A3956D46DE8}") = "samples", "samples", "{859AB4FA-0646-497B-AC2F-7FB9F56C69FD}"
EndProject
Project("{FAE04EC0-301F-11D3-BF4B-00C04F79EFBC}") = "webapi", "samples\webapi\webapi.csproj", "{CCA42FAB-966F-4CA6-9F36-C5CBE1FE87D1}"
EndProject
Project("{FAE04EC0-301F-11D3-BF4B-00C04F79EFBC}") = "ConsoleApp", "samples\ConsoleApp\ConsoleApp.csproj", "{9D47DD7D-CB4C-4B84-AF84-A28732BAD144}"
EndProject
Global
	GlobalSection(SolutionConfigurationPlatforms) = preSolution
		Debug|Any CPU = Debug|Any CPU
		Release|Any CPU = Release|Any CPU
	EndGlobalSection
	GlobalSection(SolutionProperties) = preSolution
		HideSolutionNode = FALSE
	EndGlobalSection
	GlobalSection(ProjectConfigurationPlatforms) = postSolution
		{A51FE85C-30A0-4B32-B902-D8F0480D32AF}.Debug|Any CPU.ActiveCfg = Debug|Any CPU
		{A51FE85C-30A0-4B32-B902-D8F0480D32AF}.Debug|Any CPU.Build.0 = Debug|Any CPU
		{A51FE85C-30A0-4B32-B902-D8F0480D32AF}.Release|Any CPU.ActiveCfg = Release|Any CPU
		{A51FE85C-30A0-4B32-B902-D8F0480D32AF}.Release|Any CPU.Build.0 = Release|Any CPU
		{CCA42FAB-966F-4CA6-9F36-C5CBE1FE87D1}.Debug|Any CPU.ActiveCfg = Debug|Any CPU
		{CCA42FAB-966F-4CA6-9F36-C5CBE1FE87D1}.Debug|Any CPU.Build.0 = Debug|Any CPU
		{CCA42FAB-966F-4CA6-9F36-C5CBE1FE87D1}.Release|Any CPU.ActiveCfg = Release|Any CPU
		{CCA42FAB-966F-4CA6-9F36-C5CBE1FE87D1}.Release|Any CPU.Build.0 = Release|Any CPU
		{9D47DD7D-CB4C-4B84-AF84-A28732BAD144}.Debug|Any CPU.ActiveCfg = Debug|Any CPU
		{9D47DD7D-CB4C-4B84-AF84-A28732BAD144}.Debug|Any CPU.Build.0 = Debug|Any CPU
		{9D47DD7D-CB4C-4B84-AF84-A28732BAD144}.Release|Any CPU.ActiveCfg = Release|Any CPU
		{9D47DD7D-CB4C-4B84-AF84-A28732BAD144}.Release|Any CPU.Build.0 = Release|Any CPU
	EndGlobalSection
	GlobalSection(NestedProjects) = preSolution
		{A51FE85C-30A0-4B32-B902-D8F0480D32AF} = {F9219E8A-B144-402A-90EF-A5723E42EB8C}
		{CCA42FAB-966F-4CA6-9F36-C5CBE1FE87D1} = {859AB4FA-0646-497B-AC2F-7FB9F56C69FD}
		{9D47DD7D-CB4C-4B84-AF84-A28732BAD144} = {859AB4FA-0646-497B-AC2F-7FB9F56C69FD}
	EndGlobalSection
EndGlobal
