
Microsoft Visual Studio Solution File, Format Version 12.00
# Visual Studio 15
VisualStudioVersion = 15.0.26124.0
MinimumVisualStudioVersion = 15.0.26124.0
Project("{2150E333-8FDC-42A3-9474-1A3956D46DE8}") = "src", "src", "{ED4B17C6-9C08-458E-B887-1FFE02F2219D}"
EndProject
Project("{FAE04EC0-301F-11D3-BF4B-00C04F79EFBC}") = "AspSpaService", "src\AspSpaService\AspSpaService.csproj", "{51E5DE97-FCC6-4D27-86F2-C548BB140D57}"
EndProject
Project("{2150E333-8FDC-42A3-9474-1A3956D46DE8}") = "samples", "samples", "{852650B4-69D5-4C14-AFA1-C9686A918A5A}"
EndProject
Project("{FAE04EC0-301F-11D3-BF4B-00C04F79EFBC}") = "ConsoleApp", "samples\ConsoleApp\ConsoleApp.csproj", "{FBB34645-95CA-4EBE-AC6E-B1D2C3735EA7}"
EndProject
Project("{FAE04EC0-301F-11D3-BF4B-00C04F79EFBC}") = "webapi", "samples\webapi\webapi.csproj", "{13DF803E-B276-4FB7-92E4-58BB59CFEF5E}"
EndProject
Global
	GlobalSection(SolutionConfigurationPlatforms) = preSolution
		Debug|Any CPU = Debug|Any CPU
		Debug|x64 = Debug|x64
		Debug|x86 = Debug|x86
		Release|Any CPU = Release|Any CPU
		Release|x64 = Release|x64
		Release|x86 = Release|x86
	EndGlobalSection
	GlobalSection(SolutionProperties) = preSolution
		HideSolutionNode = FALSE
	EndGlobalSection
	GlobalSection(ProjectConfigurationPlatforms) = postSolution
		{51E5DE97-FCC6-4D27-86F2-C548BB140D57}.Debug|Any CPU.ActiveCfg = Debug|Any CPU
		{51E5DE97-FCC6-4D27-86F2-C548BB140D57}.Debug|Any CPU.Build.0 = Debug|Any CPU
		{51E5DE97-FCC6-4D27-86F2-C548BB140D57}.Debug|x64.ActiveCfg = Debug|Any CPU
		{51E5DE97-FCC6-4D27-86F2-C548BB140D57}.Debug|x64.Build.0 = Debug|Any CPU
		{51E5DE97-FCC6-4D27-86F2-C548BB140D57}.Debug|x86.ActiveCfg = Debug|Any CPU
		{51E5DE97-FCC6-4D27-86F2-C548BB140D57}.Debug|x86.Build.0 = Debug|Any CPU
		{51E5DE97-FCC6-4D27-86F2-C548BB140D57}.Release|Any CPU.ActiveCfg = Release|Any CPU
		{51E5DE97-FCC6-4D27-86F2-C548BB140D57}.Release|Any CPU.Build.0 = Release|Any CPU
		{51E5DE97-FCC6-4D27-86F2-C548BB140D57}.Release|x64.ActiveCfg = Release|Any CPU
		{51E5DE97-FCC6-4D27-86F2-C548BB140D57}.Release|x64.Build.0 = Release|Any CPU
		{51E5DE97-FCC6-4D27-86F2-C548BB140D57}.Release|x86.ActiveCfg = Release|Any CPU
		{51E5DE97-FCC6-4D27-86F2-C548BB140D57}.Release|x86.Build.0 = Release|Any CPU
		{FBB34645-95CA-4EBE-AC6E-B1D2C3735EA7}.Debug|Any CPU.ActiveCfg = Debug|Any CPU
		{FBB34645-95CA-4EBE-AC6E-B1D2C3735EA7}.Debug|Any CPU.Build.0 = Debug|Any CPU
		{FBB34645-95CA-4EBE-AC6E-B1D2C3735EA7}.Debug|x64.ActiveCfg = Debug|Any CPU
		{FBB34645-95CA-4EBE-AC6E-B1D2C3735EA7}.Debug|x64.Build.0 = Debug|Any CPU
		{FBB34645-95CA-4EBE-AC6E-B1D2C3735EA7}.Debug|x86.ActiveCfg = Debug|Any CPU
		{FBB34645-95CA-4EBE-AC6E-B1D2C3735EA7}.Debug|x86.Build.0 = Debug|Any CPU
		{FBB34645-95CA-4EBE-AC6E-B1D2C3735EA7}.Release|Any CPU.ActiveCfg = Release|Any CPU
		{FBB34645-95CA-4EBE-AC6E-B1D2C3735EA7}.Release|Any CPU.Build.0 = Release|Any CPU
		{FBB34645-95CA-4EBE-AC6E-B1D2C3735EA7}.Release|x64.ActiveCfg = Release|Any CPU
		{FBB34645-95CA-4EBE-AC6E-B1D2C3735EA7}.Release|x64.Build.0 = Release|Any CPU
		{FBB34645-95CA-4EBE-AC6E-B1D2C3735EA7}.Release|x86.ActiveCfg = Release|Any CPU
		{FBB34645-95CA-4EBE-AC6E-B1D2C3735EA7}.Release|x86.Build.0 = Release|Any CPU
		{13DF803E-B276-4FB7-92E4-58BB59CFEF5E}.Debug|Any CPU.ActiveCfg = Debug|Any CPU
		{13DF803E-B276-4FB7-92E4-58BB59CFEF5E}.Debug|Any CPU.Build.0 = Debug|Any CPU
		{13DF803E-B276-4FB7-92E4-58BB59CFEF5E}.Debug|x64.ActiveCfg = Debug|Any CPU
		{13DF803E-B276-4FB7-92E4-58BB59CFEF5E}.Debug|x64.Build.0 = Debug|Any CPU
		{13DF803E-B276-4FB7-92E4-58BB59CFEF5E}.Debug|x86.ActiveCfg = Debug|Any CPU
		{13DF803E-B276-4FB7-92E4-58BB59CFEF5E}.Debug|x86.Build.0 = Debug|Any CPU
		{13DF803E-B276-4FB7-92E4-58BB59CFEF5E}.Release|Any CPU.ActiveCfg = Release|Any CPU
		{13DF803E-B276-4FB7-92E4-58BB59CFEF5E}.Release|Any CPU.Build.0 = Release|Any CPU
		{13DF803E-B276-4FB7-92E4-58BB59CFEF5E}.Release|x64.ActiveCfg = Release|Any CPU
		{13DF803E-B276-4FB7-92E4-58BB59CFEF5E}.Release|x64.Build.0 = Release|Any CPU
		{13DF803E-B276-4FB7-92E4-58BB59CFEF5E}.Release|x86.ActiveCfg = Release|Any CPU
		{13DF803E-B276-4FB7-92E4-58BB59CFEF5E}.Release|x86.Build.0 = Release|Any CPU
	EndGlobalSection
	GlobalSection(NestedProjects) = preSolution
		{51E5DE97-FCC6-4D27-86F2-C548BB140D57} = {ED4B17C6-9C08-458E-B887-1FFE02F2219D}
		{FBB34645-95CA-4EBE-AC6E-B1D2C3735EA7} = {852650B4-69D5-4C14-AFA1-C9686A918A5A}
		{13DF803E-B276-4FB7-92E4-58BB59CFEF5E} = {852650B4-69D5-4C14-AFA1-C9686A918A5A}
	EndGlobalSection
EndGlobal
